
Microsoft Visual Studio Solution File, Format Version 12.00
# Visual Studio 15
VisualStudioVersion = 15.0.28307.645
MinimumVisualStudioVersion = 10.0.40219.1
Project("{9A19103F-16F7-4668-BE54-9A1E7A4F7556}") = "FinalPrject", "FinalPrject\FinalPrject.csproj", "{5B145CDB-0B6D-4A08-BBD0-14F43B1FF3EE}"
EndProject
Project("{9A19103F-16F7-4668-BE54-9A1E7A4F7556}") = "TrainingManagement.Database", "..\TrainingManagement.Database\TrainingManagement.Database.csproj", "{AC2CCDF9-DC5D-4BFA-B71D-28A79872C0DA}"
EndProject
Project("{9A19103F-16F7-4668-BE54-9A1E7A4F7556}") = "TrainingManagement.Model", "..\TrainingManagement.Model\TrainingManagement.Model.csproj", "{2D300D51-1397-4828-BED6-F1107A8DD0AD}"
EndProject
Project("{9A19103F-16F7-4668-BE54-9A1E7A4F7556}") = "TrainingManagement.Repository", "..\TrainingManagement.Repository\TrainingManagement.Repository.csproj", "{35D1237D-8BBE-4376-B4F7-D6EFD2B2F0D0}"
EndProject
Project("{9A19103F-16F7-4668-BE54-9A1E7A4F7556}") = "TrainingManagement.Manager", "..\TrainingManagement.Manager\TrainingManagement.Manager.csproj", "{D9813991-6DC0-4700-AE70-7E725AA746B5}"
EndProject
Global
	GlobalSection(SolutionConfigurationPlatforms) = preSolution
		Debug|Any CPU = Debug|Any CPU
		Release|Any CPU = Release|Any CPU
	EndGlobalSection
	GlobalSection(ProjectConfigurationPlatforms) = postSolution
		{5B145CDB-0B6D-4A08-BBD0-14F43B1FF3EE}.Debug|Any CPU.ActiveCfg = Debug|Any CPU
		{5B145CDB-0B6D-4A08-BBD0-14F43B1FF3EE}.Debug|Any CPU.Build.0 = Debug|Any CPU
		{5B145CDB-0B6D-4A08-BBD0-14F43B1FF3EE}.Release|Any CPU.ActiveCfg = Release|Any CPU
		{5B145CDB-0B6D-4A08-BBD0-14F43B1FF3EE}.Release|Any CPU.Build.0 = Release|Any CPU
		{AC2CCDF9-DC5D-4BFA-B71D-28A79872C0DA}.Debug|Any CPU.ActiveCfg = Debug|Any CPU
		{AC2CCDF9-DC5D-4BFA-B71D-28A79872C0DA}.Debug|Any CPU.Build.0 = Debug|Any CPU
		{AC2CCDF9-DC5D-4BFA-B71D-28A79872C0DA}.Release|Any CPU.ActiveCfg = Release|Any CPU
		{AC2CCDF9-DC5D-4BFA-B71D-28A79872C0DA}.Release|Any CPU.Build.0 = Release|Any CPU
		{2D300D51-1397-4828-BED6-F1107A8DD0AD}.Debug|Any CPU.ActiveCfg = Debug|Any CPU
		{2D300D51-1397-4828-BED6-F1107A8DD0AD}.Debug|Any CPU.Build.0 = Debug|Any CPU
		{2D300D51-1397-4828-BED6-F1107A8DD0AD}.Release|Any CPU.ActiveCfg = Release|Any CPU
		{2D300D51-1397-4828-BED6-F1107A8DD0AD}.Release|Any CPU.Build.0 = Release|Any CPU
		{35D1237D-8BBE-4376-B4F7-D6EFD2B2F0D0}.Debug|Any CPU.ActiveCfg = Debug|Any CPU
		{35D1237D-8BBE-4376-B4F7-D6EFD2B2F0D0}.Debug|Any CPU.Build.0 = Debug|Any CPU
		{35D1237D-8BBE-4376-B4F7-D6EFD2B2F0D0}.Release|Any CPU.ActiveCfg = Release|Any CPU
		{35D1237D-8BBE-4376-B4F7-D6EFD2B2F0D0}.Release|Any CPU.Build.0 = Release|Any CPU
		{D9813991-6DC0-4700-AE70-7E725AA746B5}.Debug|Any CPU.ActiveCfg = Debug|Any CPU
		{D9813991-6DC0-4700-AE70-7E725AA746B5}.Debug|Any CPU.Build.0 = Debug|Any CPU
		{D9813991-6DC0-4700-AE70-7E725AA746B5}.Release|Any CPU.ActiveCfg = Release|Any CPU
		{D9813991-6DC0-4700-AE70-7E725AA746B5}.Release|Any CPU.Build.0 = Release|Any CPU
	EndGlobalSection
	GlobalSection(SolutionProperties) = preSolution
		HideSolutionNode = FALSE
	EndGlobalSection
	GlobalSection(ExtensibilityGlobals) = postSolution
		SolutionGuid = {C0E40CA7-F23E-48E2-A92F-0A60444E7849}
	EndGlobalSection
EndGlobal
